
Microsoft Visual Studio Solution File, Format Version 12.00
# Visual Studio Version 16
VisualStudioVersion = 16.0.31321.278
MinimumVisualStudioVersion = 10.0.40219.1
Project("{FAE04EC0-301F-11D3-BF4B-00C04F79EFBC}") = "AppErrores", "AppErrores\AppErrores.csproj", "{80680C79-E49D-4EBA-AB7A-ED0D1AA436AE}"
EndProject
Global
	GlobalSection(SolutionConfigurationPlatforms) = preSolution
		Debug|Any CPU = Debug|Any CPU
		Release|Any CPU = Release|Any CPU
	EndGlobalSection
	GlobalSection(ProjectConfigurationPlatforms) = postSolution
		{80680C79-E49D-4EBA-AB7A-ED0D1AA436AE}.Debug|Any CPU.ActiveCfg = Debug|Any CPU
		{80680C79-E49D-4EBA-AB7A-ED0D1AA436AE}.Debug|Any CPU.Build.0 = Debug|Any CPU
		{80680C79-E49D-4EBA-AB7A-ED0D1AA436AE}.Release|Any CPU.ActiveCfg = Release|Any CPU
		{80680C79-E49D-4EBA-AB7A-ED0D1AA436AE}.Release|Any CPU.Build.0 = Release|Any CPU
	EndGlobalSection
	GlobalSection(SolutionProperties) = preSolution
		HideSolutionNode = FALSE
	EndGlobalSection
	GlobalSection(ExtensibilityGlobals) = postSolution
		SolutionGuid = {C115FC81-A153-4233-B0D0-4A3979D61BC6}
	EndGlobalSection
EndGlobal
