
Microsoft Visual Studio Solution File, Format Version 12.00
# Visual Studio Version 16
VisualStudioVersion = 16.0.31205.134
MinimumVisualStudioVersion = 10.0.40219.1
Project("{FAE04EC0-301F-11D3-BF4B-00C04F79EFBC}") = "Viborita-con-la-people", "Viborita-con-la-people\Viborita-con-la-people.csproj", "{9B34CE8D-2C63-42C2-BA6B-63B434E865A6}"
EndProject
Global
	GlobalSection(SolutionConfigurationPlatforms) = preSolution
		Debug|Any CPU = Debug|Any CPU
		Release|Any CPU = Release|Any CPU
	EndGlobalSection
	GlobalSection(ProjectConfigurationPlatforms) = postSolution
		{9B34CE8D-2C63-42C2-BA6B-63B434E865A6}.Debug|Any CPU.ActiveCfg = Debug|Any CPU
		{9B34CE8D-2C63-42C2-BA6B-63B434E865A6}.Debug|Any CPU.Build.0 = Debug|Any CPU
		{9B34CE8D-2C63-42C2-BA6B-63B434E865A6}.Release|Any CPU.ActiveCfg = Release|Any CPU
		{9B34CE8D-2C63-42C2-BA6B-63B434E865A6}.Release|Any CPU.Build.0 = Release|Any CPU
	EndGlobalSection
	GlobalSection(SolutionProperties) = preSolution
		HideSolutionNode = FALSE
	EndGlobalSection
	GlobalSection(ExtensibilityGlobals) = postSolution
		SolutionGuid = {40197AD4-E7BF-4F3D-942B-DFB965DF0655}
	EndGlobalSection
EndGlobal
